
Microsoft Visual Studio Solution File, Format Version 12.00
# Visual Studio Version 17
VisualStudioVersion = 17.7.34031.279
MinimumVisualStudioVersion = 10.0.40219.1
Project("{FAE04EC0-301F-11D3-BF4B-00C04F79EFBC}") = "AdventOfCode2023", "AdventOfCode2023.csproj", "{50AA8B6C-FAD8-4BC6-9A25-E87154CD3D79}"
EndProject
Global
	GlobalSection(SolutionConfigurationPlatforms) = preSolution
		Debug|Any CPU = Debug|Any CPU
		Release|Any CPU = Release|Any CPU
	EndGlobalSection
	GlobalSection(ProjectConfigurationPlatforms) = postSolution
		{50AA8B6C-FAD8-4BC6-9A25-E87154CD3D79}.Debug|Any CPU.ActiveCfg = Debug|Any CPU
		{50AA8B6C-FAD8-4BC6-9A25-E87154CD3D79}.Debug|Any CPU.Build.0 = Debug|Any CPU
		{50AA8B6C-FAD8-4BC6-9A25-E87154CD3D79}.Release|Any CPU.ActiveCfg = Release|Any CPU
		{50AA8B6C-FAD8-4BC6-9A25-E87154CD3D79}.Release|Any CPU.Build.0 = Release|Any CPU
	EndGlobalSection
	GlobalSection(SolutionProperties) = preSolution
		HideSolutionNode = FALSE
	EndGlobalSection
	GlobalSection(ExtensibilityGlobals) = postSolution
		SolutionGuid = {296B00DE-8B66-40F1-B0FD-F9FDE2FAF8E1}
	EndGlobalSection
EndGlobal
